{
  "requires": true,
  "lockfileVersion": 1,
  "dependencies": {
    "angular": {
      "version": "1.8.2",
      "resolved": "https://registry.npmjs.org/angular/-/angular-1.8.2.tgz",
      "integrity": "sha512-IauMOej2xEe7/7Ennahkbb5qd/HFADiNuLSESz9Q27inmi32zB0lnAsFeLEWcox3Gd1F6YhNd1CP7/9IukJ0Gw=="
    },
    "primeicons": {
      "version": "4.1.0",
      "resolved": "https://registry.npmjs.org/primeicons/-/primeicons-4.1.0.tgz",
      "integrity": "sha512-uEv2pSPk1zQCfaB2VgnUfnUxxlGryYi+5rbdxmZBBt5v9S/pscIQYS5YDLxsQZ7D9jn5c76+Tx5wX/2J1nK6sA=="
    },
    "primeng": {
      "version": "12.0.0-rc.1",
      "resolved": "https://registry.npmjs.org/primeng/-/primeng-12.0.0-rc.1.tgz",
      "integrity": "sha512-YSQUKmUFa234wzvm8HYzu1wdQlg1Jd2BI85YYiNdwV3uwZIPRDsOURkapZ42bcQHwBrXPUXkCBgULhoiC6Dlfw==",
      "requires": {
        "tslib": "^2.1.0"
      }
    },
    "tslib": {
      "version": "2.2.0",
      "resolved": "https://registry.npmjs.org/tslib/-/tslib-2.2.0.tgz",
      "integrity": "sha512-gS9GVHRU+RGn5KQM2rllAlR3dU6m7AcpJKdtH8gFvQiC4Otgk98XnmMU+nZenHt/+VhnBPWwgrJsyrdcw6i23w=="
    }
  }
}
