
Microsoft Visual Studio Solution File, Format Version 12.00
# Visual Studio Version 16
VisualStudioVersion = 16.0.30114.105
MinimumVisualStudioVersion = 10.0.40219.1
Project("{FAE04EC0-301F-11D3-BF4B-00C04F79EFBC}") = "IdentityAuth", "IdentityAuth\IdentityAuth.csproj", "{A9029F94-E40E-4257-84F5-F4CED71EF0CC}"
EndProject
Project("{FAE04EC0-301F-11D3-BF4B-00C04F79EFBC}") = "Common", "Common\Common.csproj", "{88313789-845C-47EE-8DA6-F228C7303E7B}"
EndProject
Global
	GlobalSection(SolutionConfigurationPlatforms) = preSolution
		Debug|Any CPU = Debug|Any CPU
		Debug|x64 = Debug|x64
		Debug|x86 = Debug|x86
		Release|Any CPU = Release|Any CPU
		Release|x64 = Release|x64
		Release|x86 = Release|x86
	EndGlobalSection
	GlobalSection(SolutionProperties) = preSolution
		HideSolutionNode = FALSE
	EndGlobalSection
	GlobalSection(ProjectConfigurationPlatforms) = postSolution
		{A9029F94-E40E-4257-84F5-F4CED71EF0CC}.Debug|Any CPU.ActiveCfg = Debug|Any CPU
		{A9029F94-E40E-4257-84F5-F4CED71EF0CC}.Debug|Any CPU.Build.0 = Debug|Any CPU
		{A9029F94-E40E-4257-84F5-F4CED71EF0CC}.Debug|x64.ActiveCfg = Debug|Any CPU
		{A9029F94-E40E-4257-84F5-F4CED71EF0CC}.Debug|x64.Build.0 = Debug|Any CPU
		{A9029F94-E40E-4257-84F5-F4CED71EF0CC}.Debug|x86.ActiveCfg = Debug|Any CPU
		{A9029F94-E40E-4257-84F5-F4CED71EF0CC}.Debug|x86.Build.0 = Debug|Any CPU
		{A9029F94-E40E-4257-84F5-F4CED71EF0CC}.Release|Any CPU.ActiveCfg = Release|Any CPU
		{A9029F94-E40E-4257-84F5-F4CED71EF0CC}.Release|Any CPU.Build.0 = Release|Any CPU
		{A9029F94-E40E-4257-84F5-F4CED71EF0CC}.Release|x64.ActiveCfg = Release|Any CPU
		{A9029F94-E40E-4257-84F5-F4CED71EF0CC}.Release|x64.Build.0 = Release|Any CPU
		{A9029F94-E40E-4257-84F5-F4CED71EF0CC}.Release|x86.ActiveCfg = Release|Any CPU
		{A9029F94-E40E-4257-84F5-F4CED71EF0CC}.Release|x86.Build.0 = Release|Any CPU
		{88313789-845C-47EE-8DA6-F228C7303E7B}.Debug|Any CPU.ActiveCfg = Debug|Any CPU
		{88313789-845C-47EE-8DA6-F228C7303E7B}.Debug|Any CPU.Build.0 = Debug|Any CPU
		{88313789-845C-47EE-8DA6-F228C7303E7B}.Debug|x64.ActiveCfg = Debug|Any CPU
		{88313789-845C-47EE-8DA6-F228C7303E7B}.Debug|x64.Build.0 = Debug|Any CPU
		{88313789-845C-47EE-8DA6-F228C7303E7B}.Debug|x86.ActiveCfg = Debug|Any CPU
		{88313789-845C-47EE-8DA6-F228C7303E7B}.Debug|x86.Build.0 = Debug|Any CPU
		{88313789-845C-47EE-8DA6-F228C7303E7B}.Release|Any CPU.ActiveCfg = Release|Any CPU
		{88313789-845C-47EE-8DA6-F228C7303E7B}.Release|Any CPU.Build.0 = Release|Any CPU
		{88313789-845C-47EE-8DA6-F228C7303E7B}.Release|x64.ActiveCfg = Release|Any CPU
		{88313789-845C-47EE-8DA6-F228C7303E7B}.Release|x64.Build.0 = Release|Any CPU
		{88313789-845C-47EE-8DA6-F228C7303E7B}.Release|x86.ActiveCfg = Release|Any CPU
		{88313789-845C-47EE-8DA6-F228C7303E7B}.Release|x86.Build.0 = Release|Any CPU
	EndGlobalSection
EndGlobal
